
Microsoft Visual Studio Solution File, Format Version 12.00
# Visual Studio Version 17
VisualStudioVersion = 17.14.36310.24 d17.14
MinimumVisualStudioVersion = 10.0.40219.1
Project("{FAE04EC0-301F-11D3-BF4B-00C04F79EFBC}") = "NA-Fortnite-projekt", "NA-Fortnite-projekt.csproj", "{CBFA1527-43B6-4733-AD4F-FB4569B7D6F9}"
EndProject
Global
	GlobalSection(SolutionConfigurationPlatforms) = preSolution
		Debug|Any CPU = Debug|Any CPU
		Release|Any CPU = Release|Any CPU
	EndGlobalSection
	GlobalSection(ProjectConfigurationPlatforms) = postSolution
		{CBFA1527-43B6-4733-AD4F-FB4569B7D6F9}.Debug|Any CPU.ActiveCfg = Debug|Any CPU
		{CBFA1527-43B6-4733-AD4F-FB4569B7D6F9}.Debug|Any CPU.Build.0 = Debug|Any CPU
		{CBFA1527-43B6-4733-AD4F-FB4569B7D6F9}.Release|Any CPU.ActiveCfg = Release|Any CPU
		{CBFA1527-43B6-4733-AD4F-FB4569B7D6F9}.Release|Any CPU.Build.0 = Release|Any CPU
	EndGlobalSection
	GlobalSection(SolutionProperties) = preSolution
		HideSolutionNode = FALSE
	EndGlobalSection
	GlobalSection(ExtensibilityGlobals) = postSolution
		SolutionGuid = {679FF1D1-B566-47D3-AE9A-3621A4CCA8C8}
	EndGlobalSection
EndGlobal
